{
    "_readme": [
        "This file locks the dependencies of your project to a known state",
        "Read more about it at https://getcomposer.org/doc/01-basic-usage.md#installing-dependencies",
        "This file is @generated automatically"
    ],
    "content-hash": "db2075894e33018eabf1e7b21a7db1b7",
    "packages": [
        {
            "name": "appsaloon/advanced-custom-fields-pro",
            "version": "5.9.5",
            "dist": {
                "type": "zip",
                "url": "https://plugins.appsaloon.be/satispress/advanced-custom-fields-pro/5.9.5",
                "shasum": "ea6bd2e6ed817953ebb63955fd9fb04d4d075bee"
            },
            "require": {
                "composer/installers": "^1.0"
            },
            "type": "wordpress-plugin",
            "authors": {
                "name": "Elliot Condon",
                "homepage": "https://www.advancedcustomfields.com"
            },
            "description": "Customize WordPress with powerful, professional and intuitive fields.",
            "homepage": "https://www.advancedcustomfields.com"
        },
        {
            "name": "appsaloon/appsaloon-wp-tools",
            "version": "2.0.12",
            "dist": {
                "type": "zip",
                "url": "https://plugins.appsaloon.be/satispress/appsaloon-wp-tools/2.0.12",
                "shasum": "0850a60a48a61ef5aed3b52449d6e91b18d8c632"
            },
            "require": {
                "composer/installers": "^1.0"
            },
            "type": "wordpress-plugin",
            "authors": {
                "name": "AppSaloon",
                "homepage": "https://www.appsaloon.be/"
            },
            "description": "AppSaloon WP Tools plugin"
        },
        {
            "name": "appsaloon/custom-post-type-ui",
            "version": "1.9.0",
            "dist": {
                "type": "zip",
                "url": "https://plugins.appsaloon.be/satispress/custom-post-type-ui/1.9.0",
                "shasum": "37acb73619eb685d15aba7e59cb538db6be72fb6"
            },
            "require": {
                "composer/installers": "^1.0"
            },
            "type": "wordpress-plugin",
            "authors": {
                "name": "WebDevStudios",
                "homepage": "https://webdevstudios.com/"
            },
            "description": "Admin panel for creating custom post types and custom taxonomies in WordPress",
            "homepage": "https://github.com/WebDevStudios/custom-post-type-ui/"
        },
        {
            "name": "appsaloon/gravityforms",
            "version": "2.4.23",
            "dist": {
                "type": "zip",
                "url": "https://plugins.appsaloon.be/satispress/gravityforms/2.4.23",
                "shasum": "f0b51836afed87841af86e18b079c177632aad2c"
            },
            "require": {
                "composer/installers": "^1.0"
            },
            "type": "wordpress-plugin",
            "authors": {
                "name": "Gravity Forms",
                "homepage": "https://gravityforms.com"
            },
            "description": "Easily create web forms and manage form entries within the WordPress admin.",
            "homepage": "https://gravityforms.com"
        },
        {
            "name": "appsaloon/gravityformsslack",
            "version": "1.9",
            "dist": {
                "type": "zip",
                "url": "https://plugins.appsaloon.be/satispress/gravityformsslack/1.9",
                "shasum": "3e22ad0060389cdda11e61df791e47055e70c89b"
            },
            "require": {
                "composer/installers": "^1.0"
            },
            "type": "wordpress-plugin",
            "authors": {
                "name": "rocketgenius",
                "homepage": "https://www.rocketgenius.com"
            },
            "description": "Integrates Gravity Forms with Slack, allowing alerts for Gravity Forms activity to be posted to your Slack channels.",
            "homepage": "https://www.gravityforms.com"
        },
        {
            "name": "appsaloon/understrap",
            "version": "0.9.4",
            "dist": {
                "type": "zip",
                "url": "https://plugins.appsaloon.be/satispress/understrap/0.9.4",
                "shasum": "2a65a7b9e182673b1e8e2f88be22d935c77bfa71"
            },
            "require": {
                "composer/installers": "^1.0"
            },
            "type": "wordpress-theme",
            "authors": {
                "name": "Holger Koenemann",
                "homepage": "https://www.holgerkoenemann.de"
            },
            "description": "Combination of Automattic´s _s theme and Bootstrap 4. Made as a solid starting point for your next theme project and WordPress website. Use it as starter theme or as a parent theme. It is up to you. Including Font Awesome support, built-in widget slider and much more you need for basic websites. IMPORTANT: All developer dependencies are not bundled with this install file. Just download the .zip, extract it and run \"npm install\" and \"gulp copy-assets\" inside the extracted /understrap folder.",
            "homepage": "https://understrap.com"
        },
        {
            "name": "appsaloon/wp-migrate-db-pro",
            "version": "1.9.14",
            "dist": {
                "type": "zip",
                "url": "https://plugins.appsaloon.be/satispress/wp-migrate-db-pro/1.9.14",
                "shasum": "add05cf1ee0bf961d5634f9ed1058ebe7054cdc4"
            },
            "require": {
                "composer/installers": "^1.0"
            },
            "type": "wordpress-plugin",
            "authors": {
                "name": "Delicious Brains",
                "homepage": "https://deliciousbrains.com"
            },
            "description": "Export, push, and pull to migrate your WordPress databases.",
            "homepage": "https://deliciousbrains.com/wp-migrate-db-pro/"
        },
        {
            "name": "appsaloon/wp-migrate-db-pro-media-files",
            "version": "1.4.16",
            "dist": {
                "type": "zip",
                "url": "https://plugins.appsaloon.be/satispress/wp-migrate-db-pro-media-files/1.4.16",
                "shasum": "275710e0e4c06faa12bc5bed2183e20e99dc8d13"
            },
            "require": {
                "composer/installers": "^1.0"
            },
            "type": "wordpress-plugin",
            "authors": {
                "name": "Delicious Brains",
                "homepage": "https://deliciousbrains.com"
            },
            "description": "An extension to WP Migrate DB Pro, allows the migration of media files.",
            "homepage": "https://deliciousbrains.com/wp-migrate-db-pro/"
        },
        {
            "name": "appsaloon/wp-rocket",
            "version": "3.8.8",
            "dist": {
                "type": "zip",
                "url": "https://plugins.appsaloon.be/satispress/wp-rocket/3.8.8",
                "shasum": "faa5fc289f428afd69c1d4ee56c592afa9f971c4"
            },
            "require": {
                "composer/installers": "^1.0"
            },
            "type": "wordpress-plugin",
            "authors": {
                "name": "WP Media",
                "homepage": "https://wp-media.me"
            },
            "description": "The best WordPress performance plugin.",
            "homepage": "https://wp-rocket.me"
        },
        {
            "name": "appsaloon/wp-seopress-pro",
            "version": "3.9.1",
            "dist": {
                "type": "zip",
                "url": "https://plugins.appsaloon.be/satispress/wp-seopress-pro/3.9.1",
                "shasum": "883f022539cde2fef5ca714468328775e7164e8a"
            },
            "require": {
                "composer/installers": "^1.0"
            },
            "type": "wordpress-plugin",
            "authors": {
                "name": "SEOPress",
                "homepage": "https://www.seopress.org/seopress-pro/"
            },
            "description": "The PRO version of SEOPress. SEOPress required (free).",
            "homepage": "https://www.seopress.org/seopress-pro/"
        },
        {
            "name": "bramesposito/bootstrap-core-blocks",
            "version": "1.2.2",
            "source": {
                "type": "git",
                "url": "https://github.com/BramEsposito/bootstrap-core-blocks.git",
                "reference": "78ccf3f09a7d6ae420df6247cb546574be0e5386"
            },
            "dist": {
                "type": "zip",
                "url": "https://api.github.com/repos/BramEsposito/bootstrap-core-blocks/zipball/78ccf3f09a7d6ae420df6247cb546574be0e5386",
                "reference": "78ccf3f09a7d6ae420df6247cb546574be0e5386",
                "shasum": ""
            },
            "type": "wordpress-plugin",
            "license": [
                "GPL-3.0"
            ],
            "authors": [
                {
                    "name": "Bram Esposito",
                    "email": "bram@bramesposito.com"
                }
            ],
            "description": "Alter Wordpress Gutenberg blocks so they can be used with Bootstrap",
            "support": {
                "source": "https://github.com/BramEsposito/bootstrap-core-blocks/tree/1.2.2",
                "issues": "https://github.com/BramEsposito/bootstrap-core-blocks/issues"
            },
            "time": "2020-08-27T07:02:20+00:00"
        },
        {
            "name": "composer/installers",
            "version": "v1.10.0",
            "source": {
                "type": "git",
                "url": "https://github.com/composer/installers.git",
                "reference": "1a0357fccad9d1cc1ea0c9a05b8847fbccccb78d"
            },
            "dist": {
                "type": "zip",
                "url": "https://api.github.com/repos/composer/installers/zipball/1a0357fccad9d1cc1ea0c9a05b8847fbccccb78d",
                "reference": "1a0357fccad9d1cc1ea0c9a05b8847fbccccb78d",
                "shasum": ""
            },
            "require": {
                "composer-plugin-api": "^1.0 || ^2.0"
            },
            "replace": {
                "roundcube/plugin-installer": "*",
                "shama/baton": "*"
            },
            "require-dev": {
                "composer/composer": "1.6.* || ^2.0",
                "composer/semver": "^1 || ^3",
                "phpstan/phpstan": "^0.12.55",
                "phpstan/phpstan-phpunit": "^0.12.16",
                "symfony/phpunit-bridge": "^4.2 || ^5",
                "symfony/process": "^2.3"
            },
            "type": "composer-plugin",
            "extra": {
                "class": "Composer\\Installers\\Plugin",
                "branch-alias": {
                    "dev-main": "1.x-dev"
                }
            },
            "autoload": {
                "psr-4": {
                    "Composer\\Installers\\": "src/Composer/Installers"
                }
            },
            "notification-url": "https://packagist.org/downloads/",
            "license": [
                "MIT"
            ],
            "authors": [
                {
                    "name": "Kyle Robinson Young",
                    "email": "kyle@dontkry.com",
                    "homepage": "https://github.com/shama"
                }
            ],
            "description": "A multi-framework Composer library installer",
            "homepage": "https://composer.github.io/installers/",
            "keywords": [
                "Craft",
                "Dolibarr",
                "Eliasis",
                "Hurad",
                "ImageCMS",
                "Kanboard",
                "Lan Management System",
                "MODX Evo",
                "MantisBT",
                "Mautic",
                "Maya",
                "OXID",
                "Plentymarkets",
                "Porto",
                "RadPHP",
                "SMF",
                "Starbug",
                "Thelia",
                "Whmcs",
                "WolfCMS",
                "agl",
                "aimeos",
                "annotatecms",
                "attogram",
                "bitrix",
                "cakephp",
                "chef",
                "cockpit",
                "codeigniter",
                "concrete5",
                "croogo",
                "dokuwiki",
                "drupal",
                "eZ Platform",
                "elgg",
                "expressionengine",
                "fuelphp",
                "grav",
                "installer",
                "itop",
                "joomla",
                "known",
                "kohana",
                "laravel",
                "lavalite",
                "lithium",
                "magento",
                "majima",
                "mako",
                "mediawiki",
                "modulework",
                "modx",
                "moodle",
                "osclass",
                "phpbb",
                "piwik",
                "ppi",
                "processwire",
                "puppet",
                "pxcms",
                "reindex",
                "roundcube",
                "shopware",
                "silverstripe",
                "sydes",
                "sylius",
                "symfony",
                "typo3",
                "wordpress",
                "yawik",
                "zend",
                "zikula"
            ],
            "funding": [
                {
                    "url": "https://packagist.com",
                    "type": "custom"
                },
                {
                    "url": "https://github.com/composer",
                    "type": "github"
                },
                {
                    "url": "https://tidelift.com/funding/github/packagist/composer/composer",
                    "type": "tidelift"
                }
            ],
            "time": "2021-01-14T11:07:16+00:00"
        },
        {
            "name": "johnpbloch/wordpress-core",
            "version": "5.7.0",
            "source": {
                "type": "git",
                "url": "https://github.com/johnpbloch/wordpress-core.git",
                "reference": "8b057056692ca196aaa7a7ddd915f29426922c6d"
            },
            "dist": {
                "type": "zip",
                "url": "https://api.github.com/repos/johnpbloch/wordpress-core/zipball/8b057056692ca196aaa7a7ddd915f29426922c6d",
                "reference": "8b057056692ca196aaa7a7ddd915f29426922c6d",
                "shasum": ""
            },
            "require": {
                "ext-json": "*",
                "php": ">=5.6.20"
            },
            "provide": {
                "wordpress/core-implementation": "5.7.0"
            },
            "type": "wordpress-core",
            "notification-url": "https://packagist.org/downloads/",
            "license": [
                "GPL-2.0-or-later"
            ],
            "authors": [
                {
                    "name": "WordPress Community",
                    "homepage": "https://wordpress.org/about/"
                }
            ],
            "description": "WordPress is open source software you can use to create a beautiful website, blog, or app.",
            "homepage": "https://wordpress.org/",
            "keywords": [
                "blog",
                "cms",
                "wordpress"
            ],
            "time": "2021-03-09T20:32:23+00:00"
        },
        {
            "name": "johnpbloch/wordpress-core-installer",
            "version": "0.2.1",
            "source": {
                "type": "git",
                "url": "https://github.com/johnpbloch/wordpress-core-installer.git",
                "reference": "a04c2c383ef13aae077f36799ed2eafdebd618d2"
            },
            "dist": {
                "type": "zip",
                "url": "https://api.github.com/repos/johnpbloch/wordpress-core-installer/zipball/a04c2c383ef13aae077f36799ed2eafdebd618d2",
                "reference": "a04c2c383ef13aae077f36799ed2eafdebd618d2",
                "shasum": ""
            },
            "require": {
                "composer-plugin-api": "^1.0"
            },
            "conflict": {
                "composer/installers": "<1.0.6"
            },
            "require-dev": {
                "composer/composer": "1.0.*@dev"
            },
            "type": "composer-plugin",
            "extra": {
                "class": "johnpbloch\\Composer\\WordPressCorePlugin"
            },
            "autoload": {
                "psr-0": {
                    "johnpbloch\\Composer\\": "src/"
                }
            },
            "notification-url": "https://packagist.org/downloads/",
            "license": [
                "GPL-2.0+"
            ],
            "authors": [
                {
                    "name": "John P. Bloch",
                    "email": "me@johnpbloch.com"
                }
            ],
            "description": "A custom installer to handle deploying WordPress with composer",
            "keywords": [
                "wordpress"
            ],
            "time": "2015-06-11T15:15:30+00:00"
        },
        {
            "name": "koodimonni-language/core-nl_be",
            "version": "5.7",
            "dist": {
                "type": "zip",
                "url": "https://downloads.wordpress.org/translation/core/5.7/nl_BE.zip"
            },
            "require": {
                "koodimonni/composer-dropin-installer": ">=0.2.3"
            },
            "type": "wordpress-language",
            "description": "Wordpress core translation for Dutch (Belgium) - nl_be",
            "keywords": [
                "Translation",
                "Wordpress",
                "core",
                "nl_be"
            ]
        },
        {
            "name": "koodimonni/composer-dropin-installer",
            "version": "1.3",
            "source": {
                "type": "git",
                "url": "https://github.com/Koodimonni/Composer-Dropin-Installer.git",
                "reference": "2ebddd0ead26f52962be385dcc85057be4c5a69e"
            },
            "dist": {
                "type": "zip",
                "url": "https://api.github.com/repos/Koodimonni/Composer-Dropin-Installer/zipball/2ebddd0ead26f52962be385dcc85057be4c5a69e",
                "reference": "2ebddd0ead26f52962be385dcc85057be4c5a69e",
                "shasum": ""
            },
            "require": {
                "composer-plugin-api": "^1.0 | ^2.0",
                "php": ">=5.3.2"
            },
            "require-dev": {
                "phpunit/phpunit": "^5.7"
            },
            "type": "composer-plugin",
            "extra": {
                "class": "Koodimonni\\Composer\\Dropin"
            },
            "autoload": {
                "psr-4": {
                    "Koodimonni\\Composer\\": "src/"
                }
            },
            "notification-url": "https://packagist.org/downloads/",
            "license": [
                "WTFPL"
            ],
            "authors": [
                {
                    "name": "Onni Hakala",
                    "email": "onni@koodimonni.fi",
                    "role": "Developer"
                }
            ],
            "description": "Install packages or a few files from packages into custom paths without overwriting existing stuff.",
            "time": "2020-08-17T07:41:05+00:00"
        },
        {
            "name": "phpoption/phpoption",
            "version": "1.7.5",
            "source": {
                "type": "git",
                "url": "https://github.com/schmittjoh/php-option.git",
                "reference": "994ecccd8f3283ecf5ac33254543eb0ac946d525"
            },
            "dist": {
                "type": "zip",
                "url": "https://api.github.com/repos/schmittjoh/php-option/zipball/994ecccd8f3283ecf5ac33254543eb0ac946d525",
                "reference": "994ecccd8f3283ecf5ac33254543eb0ac946d525",
                "shasum": ""
            },
            "require": {
                "php": "^5.5.9 || ^7.0 || ^8.0"
            },
            "require-dev": {
                "bamarni/composer-bin-plugin": "^1.4.1",
                "phpunit/phpunit": "^4.8.35 || ^5.7.27 || ^6.5.6 || ^7.0 || ^8.0 || ^9.0"
            },
            "type": "library",
            "extra": {
                "branch-alias": {
                    "dev-master": "1.7-dev"
                }
            },
            "autoload": {
                "psr-4": {
                    "PhpOption\\": "src/PhpOption/"
                }
            },
            "notification-url": "https://packagist.org/downloads/",
            "license": [
                "Apache-2.0"
            ],
            "authors": [
                {
                    "name": "Johannes M. Schmitt",
                    "email": "schmittjoh@gmail.com"
                },
                {
                    "name": "Graham Campbell",
                    "email": "graham@alt-three.com"
                }
            ],
            "description": "Option Type for PHP",
            "keywords": [
                "language",
                "option",
                "php",
                "type"
            ],
            "time": "2020-07-20T17:29:33+00:00"
        },
        {
            "name": "roots/wp-stage-switcher",
            "version": "2.1.0",
            "source": {
                "type": "git",
                "url": "https://github.com/roots/wp-stage-switcher.git",
                "reference": "c8bffa5a5d757437112f32833fb9e28dcbfecafe"
            },
            "dist": {
                "type": "zip",
                "url": "https://api.github.com/repos/roots/wp-stage-switcher/zipball/c8bffa5a5d757437112f32833fb9e28dcbfecafe",
                "reference": "c8bffa5a5d757437112f32833fb9e28dcbfecafe",
                "shasum": ""
            },
            "require": {
                "composer/installers": "~1.0",
                "php": ">=5.4.0"
            },
            "type": "wordpress-plugin",
            "notification-url": "https://packagist.org/downloads/",
            "license": [
                "MIT"
            ],
            "authors": [
                {
                    "name": "Scott Walkinshaw",
                    "email": "scott.walkinshaw@gmail.com",
                    "homepage": "https://github.com/swalkinshaw"
                },
                {
                    "name": "Ben Word",
                    "email": "ben@benword.com",
                    "homepage": "https://github.com/retlehs"
                }
            ],
            "description": "WordPress plugin that allows you to switch between different environments from the admin bar",
            "homepage": "https://roots.io/plugin/stage-switcher/",
            "keywords": [
                "wordpress"
            ],
            "time": "2019-03-23T20:05:36+00:00"
        },
        {
            "name": "symfony/polyfill-ctype",
            "version": "v1.22.1",
            "source": {
                "type": "git",
                "url": "https://github.com/symfony/polyfill-ctype.git",
                "reference": "c6c942b1ac76c82448322025e084cadc56048b4e"
            },
            "dist": {
                "type": "zip",
                "url": "https://api.github.com/repos/symfony/polyfill-ctype/zipball/c6c942b1ac76c82448322025e084cadc56048b4e",
                "reference": "c6c942b1ac76c82448322025e084cadc56048b4e",
                "shasum": ""
            },
            "require": {
                "php": ">=7.1"
            },
            "suggest": {
                "ext-ctype": "For best performance"
            },
            "type": "library",
            "extra": {
                "branch-alias": {
                    "dev-main": "1.22-dev"
                },
                "thanks": {
                    "name": "symfony/polyfill",
                    "url": "https://github.com/symfony/polyfill"
                }
            },
            "autoload": {
                "psr-4": {
                    "Symfony\\Polyfill\\Ctype\\": ""
                },
                "files": [
                    "bootstrap.php"
                ]
            },
            "notification-url": "https://packagist.org/downloads/",
            "license": [
                "MIT"
            ],
            "authors": [
                {
                    "name": "Gert de Pagter",
                    "email": "BackEndTea@gmail.com"
                },
                {
                    "name": "Symfony Community",
                    "homepage": "https://symfony.com/contributors"
                }
            ],
            "description": "Symfony polyfill for ctype functions",
            "homepage": "https://symfony.com",
            "keywords": [
                "compatibility",
                "ctype",
                "polyfill",
                "portable"
            ],
            "funding": [
                {
                    "url": "https://symfony.com/sponsor",
                    "type": "custom"
                },
                {
                    "url": "https://github.com/fabpot",
                    "type": "github"
                },
                {
                    "url": "https://tidelift.com/funding/github/packagist/symfony/symfony",
                    "type": "tidelift"
                }
            ],
            "time": "2021-01-07T16:49:33+00:00"
        },
        {
            "name": "vlucas/phpdotenv",
            "version": "v3.6.8",
            "source": {
                "type": "git",
                "url": "https://github.com/vlucas/phpdotenv.git",
                "reference": "5e679f7616db829358341e2d5cccbd18773bdab8"
            },
            "dist": {
                "type": "zip",
                "url": "https://api.github.com/repos/vlucas/phpdotenv/zipball/5e679f7616db829358341e2d5cccbd18773bdab8",
                "reference": "5e679f7616db829358341e2d5cccbd18773bdab8",
                "shasum": ""
            },
            "require": {
                "php": "^5.4 || ^7.0 || ^8.0",
                "phpoption/phpoption": "^1.5.2",
                "symfony/polyfill-ctype": "^1.17"
            },
            "require-dev": {
                "ext-filter": "*",
                "ext-pcre": "*",
                "phpunit/phpunit": "^4.8.36 || ^5.7.27 || ^6.5.14 || ^7.5.20"
            },
            "suggest": {
                "ext-filter": "Required to use the boolean validator.",
                "ext-pcre": "Required to use most of the library."
            },
            "type": "library",
            "extra": {
                "branch-alias": {
                    "dev-master": "3.6-dev"
                }
            },
            "autoload": {
                "psr-4": {
                    "Dotenv\\": "src/"
                }
            },
            "notification-url": "https://packagist.org/downloads/",
            "license": [
                "BSD-3-Clause"
            ],
            "authors": [
                {
                    "name": "Graham Campbell",
                    "email": "graham@alt-three.com",
                    "homepage": "https://gjcampbell.co.uk/"
                },
                {
                    "name": "Vance Lucas",
                    "email": "vance@vancelucas.com",
                    "homepage": "https://vancelucas.com/"
                }
            ],
            "description": "Loads environment variables from `.env` to `getenv()`, `$_ENV` and `$_SERVER` automagically.",
            "keywords": [
                "dotenv",
                "env",
                "environment"
            ],
            "funding": [
                {
                    "url": "https://github.com/GrahamCampbell",
                    "type": "github"
                },
                {
                    "url": "https://tidelift.com/funding/github/packagist/vlucas/phpdotenv",
                    "type": "tidelift"
                }
            ],
            "time": "2021-01-20T14:39:46+00:00"
        },
        {
            "name": "wpackagist-plugin/acf-gravityforms-add-on",
            "version": "1.2.7",
            "source": {
                "type": "svn",
                "url": "https://plugins.svn.wordpress.org/acf-gravityforms-add-on/",
                "reference": "tags/1.2.7"
            },
            "dist": {
                "type": "zip",
                "url": "https://downloads.wordpress.org/plugin/acf-gravityforms-add-on.1.2.7.zip"
            },
            "require": {
                "composer/installers": "~1.0"
            },
            "type": "wordpress-plugin",
            "homepage": "https://wordpress.org/plugins/acf-gravityforms-add-on/"
        },
        {
            "name": "wpackagist-plugin/cookie-law-info",
            "version": "2.0.1",
            "source": {
                "type": "svn",
                "url": "https://plugins.svn.wordpress.org/cookie-law-info/",
                "reference": "tags/2.0.1"
            },
            "dist": {
                "type": "zip",
                "url": "https://downloads.wordpress.org/plugin/cookie-law-info.2.0.1.zip"
            },
            "require": {
                "composer/installers": "~1.0"
            },
            "type": "wordpress-plugin",
            "homepage": "https://wordpress.org/plugins/cookie-law-info/"
        },
        {
            "name": "wpackagist-plugin/cookiebot",
            "version": "3.10.0",
            "source": {
                "type": "svn",
                "url": "https://plugins.svn.wordpress.org/cookiebot/",
                "reference": "tags/3.10.0"
            },
            "dist": {
                "type": "zip",
                "url": "https://downloads.wordpress.org/plugin/cookiebot.3.10.0.zip"
            },
            "require": {
                "composer/installers": "~1.0"
            },
            "type": "wordpress-plugin",
            "homepage": "https://wordpress.org/plugins/cookiebot/"
        },
        {
            "name": "wpackagist-plugin/postmark-approved-wordpress-plugin",
            "version": "1.13.4",
            "source": {
                "type": "svn",
                "url": "https://plugins.svn.wordpress.org/postmark-approved-wordpress-plugin/",
                "reference": "tags/1.13.4"
            },
            "dist": {
                "type": "zip",
                "url": "https://downloads.wordpress.org/plugin/postmark-approved-wordpress-plugin.1.13.4.zip"
            },
            "require": {
                "composer/installers": "~1.0"
            },
            "type": "wordpress-plugin",
            "homepage": "https://wordpress.org/plugins/postmark-approved-wordpress-plugin/"
        },
        {
            "name": "wpackagist-plugin/shortpixel-adaptive-images",
            "version": "2.1.6",
            "source": {
                "type": "svn",
                "url": "https://plugins.svn.wordpress.org/shortpixel-adaptive-images/",
                "reference": "tags/2.1.6"
            },
            "dist": {
                "type": "zip",
                "url": "https://downloads.wordpress.org/plugin/shortpixel-adaptive-images.2.1.6.zip"
            },
            "require": {
                "composer/installers": "~1.0"
            },
            "type": "wordpress-plugin",
            "homepage": "https://wordpress.org/plugins/shortpixel-adaptive-images/"
        },
        {
            "name": "wpackagist-plugin/wordfence",
            "version": "7.5.2",
            "source": {
                "type": "svn",
                "url": "https://plugins.svn.wordpress.org/wordfence/",
                "reference": "tags/7.5.2"
            },
            "dist": {
                "type": "zip",
                "url": "https://downloads.wordpress.org/plugin/wordfence.7.5.2.zip"
            },
            "require": {
                "composer/installers": "~1.0"
            },
            "type": "wordpress-plugin",
            "homepage": "https://wordpress.org/plugins/wordfence/"
        },
        {
            "name": "wpackagist-plugin/wp-optimize",
            "version": "3.1.8",
            "source": {
                "type": "svn",
                "url": "https://plugins.svn.wordpress.org/wp-optimize/",
                "reference": "tags/3.1.8"
            },
            "dist": {
                "type": "zip",
                "url": "https://downloads.wordpress.org/plugin/wp-optimize.3.1.8.zip"
            },
            "require": {
                "composer/installers": "~1.0"
            },
            "type": "wordpress-plugin",
            "homepage": "https://wordpress.org/plugins/wp-optimize/"
        },
        {
            "name": "wpackagist-plugin/wp-seopress",
            "version": "4.5.0.2",
            "source": {
                "type": "svn",
                "url": "https://plugins.svn.wordpress.org/wp-seopress/",
                "reference": "tags/4.5.0.2"
            },
            "dist": {
                "type": "zip",
                "url": "https://downloads.wordpress.org/plugin/wp-seopress.4.5.0.2.zip"
            },
            "require": {
                "composer/installers": "~1.0"
            },
            "type": "wordpress-plugin",
            "homepage": "https://wordpress.org/plugins/wp-seopress/"
        },
        {
            "name": "wpackagist-theme/twentytwenty",
            "version": "1.7",
            "source": {
                "type": "svn",
                "url": "https://themes.svn.wordpress.org/twentytwenty/",
                "reference": "1.7"
            },
            "dist": {
                "type": "zip",
                "url": "https://downloads.wordpress.org/theme/twentytwenty.1.7.zip"
            },
            "require": {
                "composer/installers": "~1.0"
            },
            "type": "wordpress-theme",
            "homepage": "https://wordpress.org/themes/twentytwenty/"
        }
    ],
    "packages-dev": [],
    "aliases": [],
    "minimum-stability": "stable",
    "stability-flags": [],
    "prefer-stable": false,
    "prefer-lowest": false,
    "platform": [],
    "platform-dev": [],
    "plugin-api-version": "1.1.0"
}
